
Microsoft Visual Studio Solution File, Format Version 12.00
# Visual Studio 15
VisualStudioVersion = 15.0.27703.2026
MinimumVisualStudioVersion = 10.0.40219.1
Project("{8BC9CEB8-8B4A-11D0-8D11-00A0C91BC942}") = "GLUML", "Projet6\Projet6.vcxproj", "{88183F04-14E6-459A-BB1A-E415EA379E76}"
EndProject
Project("{8BC9CEB8-8B4A-11D0-8D11-00A0C91BC942}") = "GLUML_UT", "GLUML_UT\GLUML_UT.vcxproj", "{9A139516-79A5-46F9-8136-72EBC066E15F}"
EndProject
Global
	GlobalSection(SolutionConfigurationPlatforms) = preSolution
		Debug|x64 = Debug|x64
		Debug|x86 = Debug|x86
		Release|x64 = Release|x64
		Release|x86 = Release|x86
	EndGlobalSection
	GlobalSection(ProjectConfigurationPlatforms) = postSolution
		{88183F04-14E6-459A-BB1A-E415EA379E76}.Debug|x64.ActiveCfg = Debug|x64
		{88183F04-14E6-459A-BB1A-E415EA379E76}.Debug|x64.Build.0 = Debug|x64
		{88183F04-14E6-459A-BB1A-E415EA379E76}.Debug|x86.ActiveCfg = Debug|Win32
		{88183F04-14E6-459A-BB1A-E415EA379E76}.Debug|x86.Build.0 = Debug|Win32
		{88183F04-14E6-459A-BB1A-E415EA379E76}.Release|x64.ActiveCfg = Release|x64
		{88183F04-14E6-459A-BB1A-E415EA379E76}.Release|x64.Build.0 = Release|x64
		{88183F04-14E6-459A-BB1A-E415EA379E76}.Release|x86.ActiveCfg = Release|Win32
		{88183F04-14E6-459A-BB1A-E415EA379E76}.Release|x86.Build.0 = Release|Win32
		{9A139516-79A5-46F9-8136-72EBC066E15F}.Debug|x64.ActiveCfg = Debug|x64
		{9A139516-79A5-46F9-8136-72EBC066E15F}.Debug|x64.Build.0 = Debug|x64
		{9A139516-79A5-46F9-8136-72EBC066E15F}.Debug|x86.ActiveCfg = Debug|Win32
		{9A139516-79A5-46F9-8136-72EBC066E15F}.Debug|x86.Build.0 = Debug|Win32
		{9A139516-79A5-46F9-8136-72EBC066E15F}.Release|x64.ActiveCfg = Release|x64
		{9A139516-79A5-46F9-8136-72EBC066E15F}.Release|x64.Build.0 = Release|x64
		{9A139516-79A5-46F9-8136-72EBC066E15F}.Release|x86.ActiveCfg = Release|Win32
		{9A139516-79A5-46F9-8136-72EBC066E15F}.Release|x86.Build.0 = Release|Win32
	EndGlobalSection
	GlobalSection(SolutionProperties) = preSolution
		HideSolutionNode = FALSE
	EndGlobalSection
	GlobalSection(ExtensibilityGlobals) = postSolution
		SolutionGuid = {D2972912-B5E3-42FE-837A-FBDFE7E038D9}
	EndGlobalSection
EndGlobal
